
Microsoft Visual Studio Solution File, Format Version 12.00
# Visual Studio Version 17
VisualStudioVersion = 17.0.31903.59
MinimumVisualStudioVersion = 10.0.40219.1
Project("{2150E333-8FDC-42A3-9474-1A3956D46DE8}") = "src", "src", "{AC5FC694-028B-4AB0-AF76-09726F966A78}"
EndProject
Project("{FAE04EC0-301F-11D3-BF4B-00C04F79EFBC}") = "UnitTests", "tests\UnitTests\UnitTests.csproj", "{BB9A6B63-4435-4357-AD99-2E43C38E73F7}"
EndProject
Project("{2150E333-8FDC-42A3-9474-1A3956D46DE8}") = "tests", "tests", "{9BA7A137-62AD-4837-BE21-B501EF9D66B7}"
EndProject
Project("{FAE04EC0-301F-11D3-BF4B-00C04F79EFBC}") = "PostHog", "src\PostHog\PostHog.csproj", "{8C2AF890-4917-493A-BE14-71405397602A}"
EndProject
Project("{2150E333-8FDC-42A3-9474-1A3956D46DE8}") = "meta", "meta", "{3CC1F9AB-C77E-41B6-B9D3-FCAA4BF0D9E3}"
	ProjectSection(SolutionItems) = preProject
		README.md = README.md
		.github\CODEOWNERS = .github\CODEOWNERS
	EndProjectSection
EndProject
Project("{2150E333-8FDC-42A3-9474-1A3956D46DE8}") = "build", "build", "{D5D2C580-B926-4FFA-B34B-3D78C37C3F8B}"
	ProjectSection(SolutionItems) = preProject
		Directory.Build.props = Directory.Build.props
		.gitattributes = .gitattributes
		.gitignore = .gitignore
	EndProjectSection
EndProject
Project("{2150E333-8FDC-42A3-9474-1A3956D46DE8}") = "samples", "samples", "{5F21F6BA-8ED0-4A96-BDF2-65ABAE0A7A90}"
EndProject
Project("{FAE04EC0-301F-11D3-BF4B-00C04F79EFBC}") = "HogTied.Web", "samples\HogTied.Web\HogTied.Web.csproj", "{3A423DA1-DEDD-4D0D-BADB-B5763D0A8A72}"
EndProject
Project("{FAE04EC0-301F-11D3-BF4B-00C04F79EFBC}") = "PostHog.AspNetCore", "src\PostHog.AspNetCore\PostHog.AspNetCore.csproj", "{26047E86-8DB0-4CE4-A282-DE8183B7AD69}"
EndProject
Project("{2150E333-8FDC-42A3-9474-1A3956D46DE8}") = "bin", "bin", "{5D5BA318-B12E-4EB3-9F9C-90D1337C57E0}"
	ProjectSection(SolutionItems) = preProject
		bin\ef = bin\ef
		bin\build = bin\build
		bin\fmt = bin\fmt
		bin\publish = bin\publish
		bin\user-secrets = bin\user-secrets
		bin\start = bin\start
		bin\test = bin\test
	EndProjectSection
EndProject
Project("{2150E333-8FDC-42A3-9474-1A3956D46DE8}") = "helpers", "helpers", "{224403B1-98F1-4DC0-B1C0-00AF60B9EA05}"
	ProjectSection(SolutionItems) = preProject
		bin\helpers\_utils.sh = bin\helpers\_utils.sh
	EndProjectSection
EndProject
Project("{2150E333-8FDC-42A3-9474-1A3956D46DE8}") = "workflows", "workflows", "{C2E8B694-977A-41A0-9DED-27C286460F0A}"
	ProjectSection(SolutionItems) = preProject
		.github\workflows\stale-labeller.yaml = .github\workflows\stale-labeller.yaml
		.github\workflows\main.yaml = .github\workflows\main.yaml
	EndProjectSection
EndProject
Project("{2150E333-8FDC-42A3-9474-1A3956D46DE8}") = "problemMatchers", "problemMatchers", "{DE86ACE8-2A13-4B5C-A715-1BA6412DA314}"
	ProjectSection(SolutionItems) = preProject
		.github\problemMatchers\dotnet-format.json = .github\problemMatchers\dotnet-format.json
	EndProjectSection
EndProject
Project("{FAE04EC0-301F-11D3-BF4B-00C04F79EFBC}") = "TestLibrary", "tests\TestLibrary\TestLibrary.csproj", "{369AE9E5-4FA6-48BF-A35A-03A401DE22AE}"
EndProject
Project("{FAE04EC0-301F-11D3-BF4B-00C04F79EFBC}") = "UnitTests.AspNetCore", "tests\UnitTests.AspNetCore\UnitTests.AspNetCore.csproj", "{B16BEF9F-76FC-4362-A7D5-A87DB10933A3}"
EndProject
Project("{FAE04EC0-301F-11D3-BF4B-00C04F79EFBC}") = "HogTied.Api", "samples\HogTied.Api\HogTied.Api.csproj", "{97B0F150-CE6A-4AB5-9DCC-221C7E05A0E2}"
EndProject
Project("{FAE04EC0-301F-11D3-BF4B-00C04F79EFBC}") = "PostHog.AI", "src\PostHog.AI\PostHog.AI.csproj", "{03121B36-3191-4F79-8639-D428AE6E985B}"
EndProject
Project("{FAE04EC0-301F-11D3-BF4B-00C04F79EFBC}") = "PostHog.AI.Tests", "tests\PostHog.AI.Tests\PostHog.AI.Tests.csproj", "{A1E6DA80-6150-45E2-B216-80BB7EEF828E}"
EndProject
Project("{FAE04EC0-301F-11D3-BF4B-00C04F79EFBC}") = "PostHog.Example.Console", "samples\PostHog.Example.Console\PostHog.Example.Console.csproj", "{F58C4741-D82A-4EC4-A19B-99BDD7DA1739}"
EndProject
Global
	GlobalSection(SolutionConfigurationPlatforms) = preSolution
		Debug|Any CPU = Debug|Any CPU
		Release|Any CPU = Release|Any CPU
	EndGlobalSection
	GlobalSection(ProjectConfigurationPlatforms) = postSolution
		{BB9A6B63-4435-4357-AD99-2E43C38E73F7}.Debug|Any CPU.ActiveCfg = Debug|Any CPU
		{BB9A6B63-4435-4357-AD99-2E43C38E73F7}.Debug|Any CPU.Build.0 = Debug|Any CPU
		{BB9A6B63-4435-4357-AD99-2E43C38E73F7}.Release|Any CPU.ActiveCfg = Release|Any CPU
		{BB9A6B63-4435-4357-AD99-2E43C38E73F7}.Release|Any CPU.Build.0 = Release|Any CPU
		{8C2AF890-4917-493A-BE14-71405397602A}.Debug|Any CPU.ActiveCfg = Debug|Any CPU
		{8C2AF890-4917-493A-BE14-71405397602A}.Debug|Any CPU.Build.0 = Debug|Any CPU
		{8C2AF890-4917-493A-BE14-71405397602A}.Release|Any CPU.ActiveCfg = Release|Any CPU
		{8C2AF890-4917-493A-BE14-71405397602A}.Release|Any CPU.Build.0 = Release|Any CPU
		{3A423DA1-DEDD-4D0D-BADB-B5763D0A8A72}.Debug|Any CPU.ActiveCfg = Debug|Any CPU
		{3A423DA1-DEDD-4D0D-BADB-B5763D0A8A72}.Debug|Any CPU.Build.0 = Debug|Any CPU
		{3A423DA1-DEDD-4D0D-BADB-B5763D0A8A72}.Release|Any CPU.ActiveCfg = Release|Any CPU
		{3A423DA1-DEDD-4D0D-BADB-B5763D0A8A72}.Release|Any CPU.Build.0 = Release|Any CPU
		{26047E86-8DB0-4CE4-A282-DE8183B7AD69}.Debug|Any CPU.ActiveCfg = Debug|Any CPU
		{26047E86-8DB0-4CE4-A282-DE8183B7AD69}.Debug|Any CPU.Build.0 = Debug|Any CPU
		{26047E86-8DB0-4CE4-A282-DE8183B7AD69}.Release|Any CPU.ActiveCfg = Release|Any CPU
		{26047E86-8DB0-4CE4-A282-DE8183B7AD69}.Release|Any CPU.Build.0 = Release|Any CPU
		{369AE9E5-4FA6-48BF-A35A-03A401DE22AE}.Debug|Any CPU.ActiveCfg = Debug|Any CPU
		{369AE9E5-4FA6-48BF-A35A-03A401DE22AE}.Debug|Any CPU.Build.0 = Debug|Any CPU
		{369AE9E5-4FA6-48BF-A35A-03A401DE22AE}.Release|Any CPU.ActiveCfg = Release|Any CPU
		{369AE9E5-4FA6-48BF-A35A-03A401DE22AE}.Release|Any CPU.Build.0 = Release|Any CPU
		{B16BEF9F-76FC-4362-A7D5-A87DB10933A3}.Debug|Any CPU.ActiveCfg = Debug|Any CPU
		{B16BEF9F-76FC-4362-A7D5-A87DB10933A3}.Debug|Any CPU.Build.0 = Debug|Any CPU
		{B16BEF9F-76FC-4362-A7D5-A87DB10933A3}.Release|Any CPU.ActiveCfg = Release|Any CPU
		{B16BEF9F-76FC-4362-A7D5-A87DB10933A3}.Release|Any CPU.Build.0 = Release|Any CPU
		{97B0F150-CE6A-4AB5-9DCC-221C7E05A0E2}.Debug|Any CPU.ActiveCfg = Debug|Any CPU
		{97B0F150-CE6A-4AB5-9DCC-221C7E05A0E2}.Debug|Any CPU.Build.0 = Debug|Any CPU
		{97B0F150-CE6A-4AB5-9DCC-221C7E05A0E2}.Release|Any CPU.ActiveCfg = Release|Any CPU
		{97B0F150-CE6A-4AB5-9DCC-221C7E05A0E2}.Release|Any CPU.Build.0 = Release|Any CPU
		{03121B36-3191-4F79-8639-D428AE6E985B}.Debug|Any CPU.ActiveCfg = Debug|Any CPU
		{03121B36-3191-4F79-8639-D428AE6E985B}.Debug|Any CPU.Build.0 = Debug|Any CPU
		{03121B36-3191-4F79-8639-D428AE6E985B}.Release|Any CPU.ActiveCfg = Release|Any CPU
		{03121B36-3191-4F79-8639-D428AE6E985B}.Release|Any CPU.Build.0 = Release|Any CPU
		{A1E6DA80-6150-45E2-B216-80BB7EEF828E}.Debug|Any CPU.ActiveCfg = Debug|Any CPU
		{A1E6DA80-6150-45E2-B216-80BB7EEF828E}.Debug|Any CPU.Build.0 = Debug|Any CPU
		{A1E6DA80-6150-45E2-B216-80BB7EEF828E}.Release|Any CPU.ActiveCfg = Release|Any CPU
		{A1E6DA80-6150-45E2-B216-80BB7EEF828E}.Release|Any CPU.Build.0 = Release|Any CPU
		{F58C4741-D82A-4EC4-A19B-99BDD7DA1739}.Debug|Any CPU.ActiveCfg = Debug|Any CPU
		{F58C4741-D82A-4EC4-A19B-99BDD7DA1739}.Debug|Any CPU.Build.0 = Debug|Any CPU
		{F58C4741-D82A-4EC4-A19B-99BDD7DA1739}.Release|Any CPU.ActiveCfg = Release|Any CPU
		{F58C4741-D82A-4EC4-A19B-99BDD7DA1739}.Release|Any CPU.Build.0 = Release|Any CPU
	EndGlobalSection
	GlobalSection(SolutionProperties) = preSolution
		HideSolutionNode = FALSE
	EndGlobalSection
	GlobalSection(NestedProjects) = preSolution
		{BB9A6B63-4435-4357-AD99-2E43C38E73F7} = {9BA7A137-62AD-4837-BE21-B501EF9D66B7}
		{8C2AF890-4917-493A-BE14-71405397602A} = {AC5FC694-028B-4AB0-AF76-09726F966A78}
		{3A423DA1-DEDD-4D0D-BADB-B5763D0A8A72} = {5F21F6BA-8ED0-4A96-BDF2-65ABAE0A7A90}
		{26047E86-8DB0-4CE4-A282-DE8183B7AD69} = {AC5FC694-028B-4AB0-AF76-09726F966A78}
		{224403B1-98F1-4DC0-B1C0-00AF60B9EA05} = {5D5BA318-B12E-4EB3-9F9C-90D1337C57E0}
		{C2E8B694-977A-41A0-9DED-27C286460F0A} = {D5D2C580-B926-4FFA-B34B-3D78C37C3F8B}
		{DE86ACE8-2A13-4B5C-A715-1BA6412DA314} = {D5D2C580-B926-4FFA-B34B-3D78C37C3F8B}
		{369AE9E5-4FA6-48BF-A35A-03A401DE22AE} = {9BA7A137-62AD-4837-BE21-B501EF9D66B7}
		{B16BEF9F-76FC-4362-A7D5-A87DB10933A3} = {9BA7A137-62AD-4837-BE21-B501EF9D66B7}
		{97B0F150-CE6A-4AB5-9DCC-221C7E05A0E2} = {5F21F6BA-8ED0-4A96-BDF2-65ABAE0A7A90}
		{03121B36-3191-4F79-8639-D428AE6E985B} = {AC5FC694-028B-4AB0-AF76-09726F966A78}
		{A1E6DA80-6150-45E2-B216-80BB7EEF828E} = {9BA7A137-62AD-4837-BE21-B501EF9D66B7}
		{F58C4741-D82A-4EC4-A19B-99BDD7DA1739} = {5F21F6BA-8ED0-4A96-BDF2-65ABAE0A7A90}
	EndGlobalSection
EndGlobal
